
Microsoft Visual Studio Solution File, Format Version 12.00
# Visual Studio Version 17
VisualStudioVersion = 17.10.34916.146
MinimumVisualStudioVersion = 10.0.40219.1
Project("{FAE04EC0-301F-11D3-BF4B-00C04F79EFBC}") = "contador-de-palabras", "contador-de-palabras.csproj", "{99776815-D5E7-4D99-998B-2338CBD670B4}"
EndProject
Global
	GlobalSection(SolutionConfigurationPlatforms) = preSolution
		Debug|Any CPU = Debug|Any CPU
		Release|Any CPU = Release|Any CPU
	EndGlobalSection
	GlobalSection(ProjectConfigurationPlatforms) = postSolution
		{99776815-D5E7-4D99-998B-2338CBD670B4}.Debug|Any CPU.ActiveCfg = Debug|Any CPU
		{99776815-D5E7-4D99-998B-2338CBD670B4}.Debug|Any CPU.Build.0 = Debug|Any CPU
		{99776815-D5E7-4D99-998B-2338CBD670B4}.Release|Any CPU.ActiveCfg = Release|Any CPU
		{99776815-D5E7-4D99-998B-2338CBD670B4}.Release|Any CPU.Build.0 = Release|Any CPU
	EndGlobalSection
	GlobalSection(SolutionProperties) = preSolution
		HideSolutionNode = FALSE
	EndGlobalSection
	GlobalSection(ExtensibilityGlobals) = postSolution
		SolutionGuid = {A41AD428-2DE3-438A-9A86-554580127214}
	EndGlobalSection
EndGlobal
